
Microsoft Visual Studio Solution File, Format Version 12.00
# Visual Studio Version 17
VisualStudioVersion = 17.1.32328.378
MinimumVisualStudioVersion = 10.0.40219.1
Project("{FAE04EC0-301F-11D3-BF4B-00C04F79EFBC}") = "SuperHeroAPI", "SuperHero\SuperHeroAPI.csproj", "{3411C718-E547-4694-9072-D97A06E6B26E}"
EndProject
Global
	GlobalSection(SolutionConfigurationPlatforms) = preSolution
		Debug|Any CPU = Debug|Any CPU
		Release|Any CPU = Release|Any CPU
	EndGlobalSection
	GlobalSection(ProjectConfigurationPlatforms) = postSolution
		{3411C718-E547-4694-9072-D97A06E6B26E}.Debug|Any CPU.ActiveCfg = Debug|Any CPU
		{3411C718-E547-4694-9072-D97A06E6B26E}.Debug|Any CPU.Build.0 = Debug|Any CPU
		{3411C718-E547-4694-9072-D97A06E6B26E}.Release|Any CPU.ActiveCfg = Release|Any CPU
		{3411C718-E547-4694-9072-D97A06E6B26E}.Release|Any CPU.Build.0 = Release|Any CPU
	EndGlobalSection
	GlobalSection(SolutionProperties) = preSolution
		HideSolutionNode = FALSE
	EndGlobalSection
	GlobalSection(ExtensibilityGlobals) = postSolution
		SolutionGuid = {DC10506C-754B-4E2F-91FD-50608B1C86E9}
	EndGlobalSection
EndGlobal
